
Microsoft Visual Studio Solution File, Format Version 12.00
# Visual Studio Version 17
VisualStudioVersion = 17.4.33213.308
MinimumVisualStudioVersion = 10.0.40219.1
Project("{FAE04EC0-301F-11D3-BF4B-00C04F79EFBC}") = "sum", "sum\sum.csproj", "{956ED190-D65A-4B1C-907C-E17FB8787240}"
EndProject
Project("{FAE04EC0-301F-11D3-BF4B-00C04F79EFBC}") = "calculator", "calculator\calculator.csproj", "{78CDD628-1A38-4D86-98F3-7A882F7EBBE4}"
EndProject
Project("{FAE04EC0-301F-11D3-BF4B-00C04F79EFBC}") = "lottery", "lottery\lottery.csproj", "{B7347FBD-F68F-4BE6-94AB-BACA18E0D676}"
EndProject
Project("{FAE04EC0-301F-11D3-BF4B-00C04F79EFBC}") = "lottery2", "lottery2\lottery2.csproj", "{D5618B43-B421-4B1C-A7E4-32C9285B55B1}"
EndProject
Project("{FAE04EC0-301F-11D3-BF4B-00C04F79EFBC}") = "challenge", "challenge\challenge.csproj", "{9E66F907-2629-4747-AC59-4F9B6D911A68}"
EndProject
Project("{FAE04EC0-301F-11D3-BF4B-00C04F79EFBC}") = "password", "password\password.csproj", "{E568ABCB-403C-471B-B9C8-81D075194F7B}"
EndProject
Project("{FAE04EC0-301F-11D3-BF4B-00C04F79EFBC}") = "fisherman", "fisherman\fisherman.csproj", "{29034B4B-046A-4DFE-84C5-2C33ED1CFC91}"
EndProject
Project("{FAE04EC0-301F-11D3-BF4B-00C04F79EFBC}") = "election", "election\election.csproj", "{C96BD88C-DB4D-401D-BEE1-02BFE5B67CD3}"
EndProject
Project("{FAE04EC0-301F-11D3-BF4B-00C04F79EFBC}") = "school", "school\school.csproj", "{D61F33F6-4744-4E1C-9DCA-9F06685B0696}"
EndProject
Project("{FAE04EC0-301F-11D3-BF4B-00C04F79EFBC}") = "loop", "loop\loop.csproj", "{43F2501F-EC6D-41E5-8C96-D1A1D15C9ADC}"
EndProject
Project("{FAE04EC0-301F-11D3-BF4B-00C04F79EFBC}") = "multiplicationTable", "multiplicationTable\multiplicationTable.csproj", "{E46EFDCB-ABE6-4666-86F6-3578EC4139ED}"
EndProject
Project("{FAE04EC0-301F-11D3-BF4B-00C04F79EFBC}") = "greaterAndSum", "greaterAndSum\greaterAndSum.csproj", "{B8DC8923-B83F-443C-8A20-9F0583B8FB2C}"
EndProject
Project("{FAE04EC0-301F-11D3-BF4B-00C04F79EFBC}") = "ages", "ages\ages.csproj", "{681AA972-B441-486D-9898-6F0AA302381D}"
EndProject
Project("{FAE04EC0-301F-11D3-BF4B-00C04F79EFBC}") = "gasStation", "gasStation\gasStation.csproj", "{F71B81FB-1083-40C5-A94E-81F60FB074CF}"
EndProject
Project("{FAE04EC0-301F-11D3-BF4B-00C04F79EFBC}") = "game", "game\game.csproj", "{637712A6-783B-4653-98F1-4F8074373D43}"
EndProject
Project("{FAE04EC0-301F-11D3-BF4B-00C04F79EFBC}") = "elevator", "elevator\elevator.csproj", "{3CCD3F29-306F-45B7-9B57-939BAE56E7C7}"
EndProject
Global
	GlobalSection(SolutionConfigurationPlatforms) = preSolution
		Debug|Any CPU = Debug|Any CPU
		Release|Any CPU = Release|Any CPU
	EndGlobalSection
	GlobalSection(ProjectConfigurationPlatforms) = postSolution
		{956ED190-D65A-4B1C-907C-E17FB8787240}.Debug|Any CPU.ActiveCfg = Debug|Any CPU
		{956ED190-D65A-4B1C-907C-E17FB8787240}.Debug|Any CPU.Build.0 = Debug|Any CPU
		{956ED190-D65A-4B1C-907C-E17FB8787240}.Release|Any CPU.ActiveCfg = Release|Any CPU
		{956ED190-D65A-4B1C-907C-E17FB8787240}.Release|Any CPU.Build.0 = Release|Any CPU
		{78CDD628-1A38-4D86-98F3-7A882F7EBBE4}.Debug|Any CPU.ActiveCfg = Debug|Any CPU
		{78CDD628-1A38-4D86-98F3-7A882F7EBBE4}.Debug|Any CPU.Build.0 = Debug|Any CPU
		{78CDD628-1A38-4D86-98F3-7A882F7EBBE4}.Release|Any CPU.ActiveCfg = Release|Any CPU
		{78CDD628-1A38-4D86-98F3-7A882F7EBBE4}.Release|Any CPU.Build.0 = Release|Any CPU
		{B7347FBD-F68F-4BE6-94AB-BACA18E0D676}.Debug|Any CPU.ActiveCfg = Debug|Any CPU
		{B7347FBD-F68F-4BE6-94AB-BACA18E0D676}.Debug|Any CPU.Build.0 = Debug|Any CPU
		{B7347FBD-F68F-4BE6-94AB-BACA18E0D676}.Release|Any CPU.ActiveCfg = Release|Any CPU
		{B7347FBD-F68F-4BE6-94AB-BACA18E0D676}.Release|Any CPU.Build.0 = Release|Any CPU
		{D5618B43-B421-4B1C-A7E4-32C9285B55B1}.Debug|Any CPU.ActiveCfg = Debug|Any CPU
		{D5618B43-B421-4B1C-A7E4-32C9285B55B1}.Debug|Any CPU.Build.0 = Debug|Any CPU
		{D5618B43-B421-4B1C-A7E4-32C9285B55B1}.Release|Any CPU.ActiveCfg = Release|Any CPU
		{D5618B43-B421-4B1C-A7E4-32C9285B55B1}.Release|Any CPU.Build.0 = Release|Any CPU
		{9E66F907-2629-4747-AC59-4F9B6D911A68}.Debug|Any CPU.ActiveCfg = Debug|Any CPU
		{9E66F907-2629-4747-AC59-4F9B6D911A68}.Debug|Any CPU.Build.0 = Debug|Any CPU
		{9E66F907-2629-4747-AC59-4F9B6D911A68}.Release|Any CPU.ActiveCfg = Release|Any CPU
		{9E66F907-2629-4747-AC59-4F9B6D911A68}.Release|Any CPU.Build.0 = Release|Any CPU
		{E568ABCB-403C-471B-B9C8-81D075194F7B}.Debug|Any CPU.ActiveCfg = Debug|Any CPU
		{E568ABCB-403C-471B-B9C8-81D075194F7B}.Debug|Any CPU.Build.0 = Debug|Any CPU
		{E568ABCB-403C-471B-B9C8-81D075194F7B}.Release|Any CPU.ActiveCfg = Release|Any CPU
		{E568ABCB-403C-471B-B9C8-81D075194F7B}.Release|Any CPU.Build.0 = Release|Any CPU
		{29034B4B-046A-4DFE-84C5-2C33ED1CFC91}.Debug|Any CPU.ActiveCfg = Debug|Any CPU
		{29034B4B-046A-4DFE-84C5-2C33ED1CFC91}.Debug|Any CPU.Build.0 = Debug|Any CPU
		{29034B4B-046A-4DFE-84C5-2C33ED1CFC91}.Release|Any CPU.ActiveCfg = Release|Any CPU
		{29034B4B-046A-4DFE-84C5-2C33ED1CFC91}.Release|Any CPU.Build.0 = Release|Any CPU
		{C96BD88C-DB4D-401D-BEE1-02BFE5B67CD3}.Debug|Any CPU.ActiveCfg = Debug|Any CPU
		{C96BD88C-DB4D-401D-BEE1-02BFE5B67CD3}.Debug|Any CPU.Build.0 = Debug|Any CPU
		{C96BD88C-DB4D-401D-BEE1-02BFE5B67CD3}.Release|Any CPU.ActiveCfg = Release|Any CPU
		{C96BD88C-DB4D-401D-BEE1-02BFE5B67CD3}.Release|Any CPU.Build.0 = Release|Any CPU
		{D61F33F6-4744-4E1C-9DCA-9F06685B0696}.Debug|Any CPU.ActiveCfg = Debug|Any CPU
		{D61F33F6-4744-4E1C-9DCA-9F06685B0696}.Debug|Any CPU.Build.0 = Debug|Any CPU
		{D61F33F6-4744-4E1C-9DCA-9F06685B0696}.Release|Any CPU.ActiveCfg = Release|Any CPU
		{D61F33F6-4744-4E1C-9DCA-9F06685B0696}.Release|Any CPU.Build.0 = Release|Any CPU
		{43F2501F-EC6D-41E5-8C96-D1A1D15C9ADC}.Debug|Any CPU.ActiveCfg = Debug|Any CPU
		{43F2501F-EC6D-41E5-8C96-D1A1D15C9ADC}.Debug|Any CPU.Build.0 = Debug|Any CPU
		{43F2501F-EC6D-41E5-8C96-D1A1D15C9ADC}.Release|Any CPU.ActiveCfg = Release|Any CPU
		{43F2501F-EC6D-41E5-8C96-D1A1D15C9ADC}.Release|Any CPU.Build.0 = Release|Any CPU
		{E46EFDCB-ABE6-4666-86F6-3578EC4139ED}.Debug|Any CPU.ActiveCfg = Debug|Any CPU
		{E46EFDCB-ABE6-4666-86F6-3578EC4139ED}.Debug|Any CPU.Build.0 = Debug|Any CPU
		{E46EFDCB-ABE6-4666-86F6-3578EC4139ED}.Release|Any CPU.ActiveCfg = Release|Any CPU
		{E46EFDCB-ABE6-4666-86F6-3578EC4139ED}.Release|Any CPU.Build.0 = Release|Any CPU
		{B8DC8923-B83F-443C-8A20-9F0583B8FB2C}.Debug|Any CPU.ActiveCfg = Debug|Any CPU
		{B8DC8923-B83F-443C-8A20-9F0583B8FB2C}.Debug|Any CPU.Build.0 = Debug|Any CPU
		{B8DC8923-B83F-443C-8A20-9F0583B8FB2C}.Release|Any CPU.ActiveCfg = Release|Any CPU
		{B8DC8923-B83F-443C-8A20-9F0583B8FB2C}.Release|Any CPU.Build.0 = Release|Any CPU
		{681AA972-B441-486D-9898-6F0AA302381D}.Debug|Any CPU.ActiveCfg = Debug|Any CPU
		{681AA972-B441-486D-9898-6F0AA302381D}.Debug|Any CPU.Build.0 = Debug|Any CPU
		{681AA972-B441-486D-9898-6F0AA302381D}.Release|Any CPU.ActiveCfg = Release|Any CPU
		{681AA972-B441-486D-9898-6F0AA302381D}.Release|Any CPU.Build.0 = Release|Any CPU
		{F71B81FB-1083-40C5-A94E-81F60FB074CF}.Debug|Any CPU.ActiveCfg = Debug|Any CPU
		{F71B81FB-1083-40C5-A94E-81F60FB074CF}.Debug|Any CPU.Build.0 = Debug|Any CPU
		{F71B81FB-1083-40C5-A94E-81F60FB074CF}.Release|Any CPU.ActiveCfg = Release|Any CPU
		{F71B81FB-1083-40C5-A94E-81F60FB074CF}.Release|Any CPU.Build.0 = Release|Any CPU
		{637712A6-783B-4653-98F1-4F8074373D43}.Debug|Any CPU.ActiveCfg = Debug|Any CPU
		{637712A6-783B-4653-98F1-4F8074373D43}.Debug|Any CPU.Build.0 = Debug|Any CPU
		{637712A6-783B-4653-98F1-4F8074373D43}.Release|Any CPU.ActiveCfg = Release|Any CPU
		{637712A6-783B-4653-98F1-4F8074373D43}.Release|Any CPU.Build.0 = Release|Any CPU
		{3CCD3F29-306F-45B7-9B57-939BAE56E7C7}.Debug|Any CPU.ActiveCfg = Debug|Any CPU
		{3CCD3F29-306F-45B7-9B57-939BAE56E7C7}.Debug|Any CPU.Build.0 = Debug|Any CPU
		{3CCD3F29-306F-45B7-9B57-939BAE56E7C7}.Release|Any CPU.ActiveCfg = Release|Any CPU
		{3CCD3F29-306F-45B7-9B57-939BAE56E7C7}.Release|Any CPU.Build.0 = Release|Any CPU
	EndGlobalSection
	GlobalSection(SolutionProperties) = preSolution
		HideSolutionNode = FALSE
	EndGlobalSection
	GlobalSection(ExtensibilityGlobals) = postSolution
		SolutionGuid = {C3DAA3B2-3AD2-47C1-96E4-D21AAC716EE9}
	EndGlobalSection
EndGlobal
