
Microsoft Visual Studio Solution File, Format Version 12.00
# Visual Studio Version 17
VisualStudioVersion = 17.4.33213.308
MinimumVisualStudioVersion = 10.0.40219.1
Project("{FAE04EC0-301F-11D3-BF4B-00C04F79EFBC}") = "car", "car\car.csproj", "{EFC60667-FC16-40AE-A96A-605FF3DC6EB7}"
EndProject
Project("{FAE04EC0-301F-11D3-BF4B-00C04F79EFBC}") = "door", "door\door.csproj", "{4E32A183-4206-40F2-A4A1-675CDCEBA412}"
EndProject
Project("{FAE04EC0-301F-11D3-BF4B-00C04F79EFBC}") = "jogador", "jogador\jogador.csproj", "{784C4B21-BF40-4881-9CCA-838B9A5C326E}"
EndProject
Project("{FAE04EC0-301F-11D3-BF4B-00C04F79EFBC}") = "country", "country\country.csproj", "{11D262C1-575C-4C3E-8A55-E70618D5FF2D}"
EndProject
Project("{FAE04EC0-301F-11D3-BF4B-00C04F79EFBC}") = "Loja", "Loja\Loja.csproj", "{266B5ADF-773C-44F8-A938-E1C47EC505ED}"
EndProject
Project("{FAE04EC0-301F-11D3-BF4B-00C04F79EFBC}") = "Banco", "Banco\Banco.csproj", "{FFED234C-5BBD-4C5C-B080-E8334A98B3E8}"
EndProject
Global
	GlobalSection(SolutionConfigurationPlatforms) = preSolution
		Debug|Any CPU = Debug|Any CPU
		Release|Any CPU = Release|Any CPU
	EndGlobalSection
	GlobalSection(ProjectConfigurationPlatforms) = postSolution
		{EFC60667-FC16-40AE-A96A-605FF3DC6EB7}.Debug|Any CPU.ActiveCfg = Debug|Any CPU
		{EFC60667-FC16-40AE-A96A-605FF3DC6EB7}.Debug|Any CPU.Build.0 = Debug|Any CPU
		{EFC60667-FC16-40AE-A96A-605FF3DC6EB7}.Release|Any CPU.ActiveCfg = Release|Any CPU
		{EFC60667-FC16-40AE-A96A-605FF3DC6EB7}.Release|Any CPU.Build.0 = Release|Any CPU
		{4E32A183-4206-40F2-A4A1-675CDCEBA412}.Debug|Any CPU.ActiveCfg = Debug|Any CPU
		{4E32A183-4206-40F2-A4A1-675CDCEBA412}.Debug|Any CPU.Build.0 = Debug|Any CPU
		{4E32A183-4206-40F2-A4A1-675CDCEBA412}.Release|Any CPU.ActiveCfg = Release|Any CPU
		{4E32A183-4206-40F2-A4A1-675CDCEBA412}.Release|Any CPU.Build.0 = Release|Any CPU
		{784C4B21-BF40-4881-9CCA-838B9A5C326E}.Debug|Any CPU.ActiveCfg = Debug|Any CPU
		{784C4B21-BF40-4881-9CCA-838B9A5C326E}.Debug|Any CPU.Build.0 = Debug|Any CPU
		{784C4B21-BF40-4881-9CCA-838B9A5C326E}.Release|Any CPU.ActiveCfg = Release|Any CPU
		{784C4B21-BF40-4881-9CCA-838B9A5C326E}.Release|Any CPU.Build.0 = Release|Any CPU
		{11D262C1-575C-4C3E-8A55-E70618D5FF2D}.Debug|Any CPU.ActiveCfg = Debug|Any CPU
		{11D262C1-575C-4C3E-8A55-E70618D5FF2D}.Debug|Any CPU.Build.0 = Debug|Any CPU
		{11D262C1-575C-4C3E-8A55-E70618D5FF2D}.Release|Any CPU.ActiveCfg = Release|Any CPU
		{11D262C1-575C-4C3E-8A55-E70618D5FF2D}.Release|Any CPU.Build.0 = Release|Any CPU
		{266B5ADF-773C-44F8-A938-E1C47EC505ED}.Debug|Any CPU.ActiveCfg = Debug|Any CPU
		{266B5ADF-773C-44F8-A938-E1C47EC505ED}.Debug|Any CPU.Build.0 = Debug|Any CPU
		{266B5ADF-773C-44F8-A938-E1C47EC505ED}.Release|Any CPU.ActiveCfg = Release|Any CPU
		{266B5ADF-773C-44F8-A938-E1C47EC505ED}.Release|Any CPU.Build.0 = Release|Any CPU
		{FFED234C-5BBD-4C5C-B080-E8334A98B3E8}.Debug|Any CPU.ActiveCfg = Debug|Any CPU
		{FFED234C-5BBD-4C5C-B080-E8334A98B3E8}.Debug|Any CPU.Build.0 = Debug|Any CPU
		{FFED234C-5BBD-4C5C-B080-E8334A98B3E8}.Release|Any CPU.ActiveCfg = Release|Any CPU
		{FFED234C-5BBD-4C5C-B080-E8334A98B3E8}.Release|Any CPU.Build.0 = Release|Any CPU
	EndGlobalSection
	GlobalSection(SolutionProperties) = preSolution
		HideSolutionNode = FALSE
	EndGlobalSection
	GlobalSection(ExtensibilityGlobals) = postSolution
		SolutionGuid = {CEF30981-3A74-4BBE-BD41-87317DE06F16}
	EndGlobalSection
EndGlobal
